
Microsoft Visual Studio Solution File, Format Version 12.00
# Visual Studio Version 17
VisualStudioVersion = 17.1.32228.430
MinimumVisualStudioVersion = 10.0.40219.1
Project("{9A19103F-16F7-4668-BE54-9A1E7A4F7556}") = "Treinamento.Mysql", "Treinamento.Mysql.csproj", "{1A4C92B4-7781-4853-8C5B-B9C05E08C878}"
EndProject
Global
	GlobalSection(SolutionConfigurationPlatforms) = preSolution
		Debug|Any CPU = Debug|Any CPU
		Release|Any CPU = Release|Any CPU
	EndGlobalSection
	GlobalSection(ProjectConfigurationPlatforms) = postSolution
		{1A4C92B4-7781-4853-8C5B-B9C05E08C878}.Debug|Any CPU.ActiveCfg = Debug|Any CPU
		{1A4C92B4-7781-4853-8C5B-B9C05E08C878}.Debug|Any CPU.Build.0 = Debug|Any CPU
		{1A4C92B4-7781-4853-8C5B-B9C05E08C878}.Release|Any CPU.ActiveCfg = Release|Any CPU
		{1A4C92B4-7781-4853-8C5B-B9C05E08C878}.Release|Any CPU.Build.0 = Release|Any CPU
	EndGlobalSection
	GlobalSection(SolutionProperties) = preSolution
		HideSolutionNode = FALSE
	EndGlobalSection
	GlobalSection(ExtensibilityGlobals) = postSolution
		SolutionGuid = {9E94E36A-F1BC-41F1-893F-133B5FEA6EFC}
	EndGlobalSection
EndGlobal
